
Microsoft Visual Studio Solution File, Format Version 12.00
# Visual Studio Version 16
VisualStudioVersion = 16.0.29926.136
MinimumVisualStudioVersion = 10.0.40219.1
Project("{2150E333-8FDC-42A3-9474-1A3956D46DE8}") = "Servers", "Servers", "{B748A0A4-03E2-49BE-BA77-75D987863C2A}"
EndProject
Project("{9A19103F-16F7-4668-BE54-9A1E7A4F7556}") = "GrpcServer", "..\GrpcServer\GrpcServer\GrpcServer.csproj", "{ECB66370-665A-423F-A7F2-6CE284CEFE07}"
EndProject
Project("{2150E333-8FDC-42A3-9474-1A3956D46DE8}") = "Web", "Web", "{9D94EB99-F04A-4227-B2FA-9867C6F5CB8D}"
EndProject
Project("{9A19103F-16F7-4668-BE54-9A1E7A4F7556}") = "WebApp", "WebApp\WebApp.csproj", "{4F3A6DB0-AFD2-4BB5-96FB-80FEC735398C}"
EndProject
Project("{2150E333-8FDC-42A3-9474-1A3956D46DE8}") = "Reactive", "Reactive", "{64212E88-746A-4CAA-AA18-02CB1E362930}"
EndProject
Project("{9A19103F-16F7-4668-BE54-9A1E7A4F7556}") = "ReactiveExt", "ReactiveExt\ReactiveExt.csproj", "{43444024-50A0-4C7D-AF3F-7E21F58AA93F}"
EndProject
Project("{2150E333-8FDC-42A3-9474-1A3956D46DE8}") = "Concurrency", "Concurrency", "{D10C1D0F-CBA9-411F-B141-4B4E00AE1A76}"
EndProject
Project("{9A19103F-16F7-4668-BE54-9A1E7A4F7556}") = "TaskCancellation", "TaskCancellation\TaskCancellation.csproj", "{F370BCAD-962A-4F52-92B2-EB0E36314E51}"
EndProject
Project("{2150E333-8FDC-42A3-9474-1A3956D46DE8}") = "Clients", "Clients", "{DB7CDD59-8C61-40E8-8176-B5DA67EA6D1B}"
EndProject
Project("{FAE04EC0-301F-11D3-BF4B-00C04F79EFBC}") = "GrpcClient", "GrpcClient\GrpcClient.csproj", "{7E214CDD-64E3-4469-9674-1098FA516434}"
EndProject
Global
	GlobalSection(SolutionConfigurationPlatforms) = preSolution
		Debug|Any CPU = Debug|Any CPU
		Release|Any CPU = Release|Any CPU
	EndGlobalSection
	GlobalSection(ProjectConfigurationPlatforms) = postSolution
		{ECB66370-665A-423F-A7F2-6CE284CEFE07}.Debug|Any CPU.ActiveCfg = Debug|Any CPU
		{ECB66370-665A-423F-A7F2-6CE284CEFE07}.Debug|Any CPU.Build.0 = Debug|Any CPU
		{ECB66370-665A-423F-A7F2-6CE284CEFE07}.Release|Any CPU.ActiveCfg = Release|Any CPU
		{ECB66370-665A-423F-A7F2-6CE284CEFE07}.Release|Any CPU.Build.0 = Release|Any CPU
		{4F3A6DB0-AFD2-4BB5-96FB-80FEC735398C}.Debug|Any CPU.ActiveCfg = Debug|Any CPU
		{4F3A6DB0-AFD2-4BB5-96FB-80FEC735398C}.Debug|Any CPU.Build.0 = Debug|Any CPU
		{4F3A6DB0-AFD2-4BB5-96FB-80FEC735398C}.Release|Any CPU.ActiveCfg = Release|Any CPU
		{4F3A6DB0-AFD2-4BB5-96FB-80FEC735398C}.Release|Any CPU.Build.0 = Release|Any CPU
		{43444024-50A0-4C7D-AF3F-7E21F58AA93F}.Debug|Any CPU.ActiveCfg = Debug|Any CPU
		{43444024-50A0-4C7D-AF3F-7E21F58AA93F}.Debug|Any CPU.Build.0 = Debug|Any CPU
		{43444024-50A0-4C7D-AF3F-7E21F58AA93F}.Release|Any CPU.ActiveCfg = Release|Any CPU
		{43444024-50A0-4C7D-AF3F-7E21F58AA93F}.Release|Any CPU.Build.0 = Release|Any CPU
		{F370BCAD-962A-4F52-92B2-EB0E36314E51}.Debug|Any CPU.ActiveCfg = Debug|Any CPU
		{F370BCAD-962A-4F52-92B2-EB0E36314E51}.Debug|Any CPU.Build.0 = Debug|Any CPU
		{F370BCAD-962A-4F52-92B2-EB0E36314E51}.Release|Any CPU.ActiveCfg = Release|Any CPU
		{F370BCAD-962A-4F52-92B2-EB0E36314E51}.Release|Any CPU.Build.0 = Release|Any CPU
		{7E214CDD-64E3-4469-9674-1098FA516434}.Debug|Any CPU.ActiveCfg = Debug|Any CPU
		{7E214CDD-64E3-4469-9674-1098FA516434}.Debug|Any CPU.Build.0 = Debug|Any CPU
		{7E214CDD-64E3-4469-9674-1098FA516434}.Release|Any CPU.ActiveCfg = Release|Any CPU
		{7E214CDD-64E3-4469-9674-1098FA516434}.Release|Any CPU.Build.0 = Release|Any CPU
	EndGlobalSection
	GlobalSection(SolutionProperties) = preSolution
		HideSolutionNode = FALSE
	EndGlobalSection
	GlobalSection(NestedProjects) = preSolution
		{ECB66370-665A-423F-A7F2-6CE284CEFE07} = {B748A0A4-03E2-49BE-BA77-75D987863C2A}
		{4F3A6DB0-AFD2-4BB5-96FB-80FEC735398C} = {9D94EB99-F04A-4227-B2FA-9867C6F5CB8D}
		{43444024-50A0-4C7D-AF3F-7E21F58AA93F} = {64212E88-746A-4CAA-AA18-02CB1E362930}
		{F370BCAD-962A-4F52-92B2-EB0E36314E51} = {D10C1D0F-CBA9-411F-B141-4B4E00AE1A76}
		{7E214CDD-64E3-4469-9674-1098FA516434} = {DB7CDD59-8C61-40E8-8176-B5DA67EA6D1B}
	EndGlobalSection
	GlobalSection(ExtensibilityGlobals) = postSolution
		SolutionGuid = {7703BEFC-1135-49CE-9F90-21847949C8CC}
	EndGlobalSection
EndGlobal
